
Microsoft Visual Studio Solution File, Format Version 12.00
# Visual Studio Version 17
VisualStudioVersion = 17.8.34309.116
MinimumVisualStudioVersion = 10.0.40219.1
Project("{FAE04EC0-301F-11D3-BF4B-00C04F79EFBC}") = "Taschenrechner", "Taschenrechner\Taschenrechner.csproj", "{BC160085-A50C-4734-BE5E-CFEAA54E11C7}"
EndProject
Global
	GlobalSection(SolutionConfigurationPlatforms) = preSolution
		Debug|Any CPU = Debug|Any CPU
		Release|Any CPU = Release|Any CPU
	EndGlobalSection
	GlobalSection(ProjectConfigurationPlatforms) = postSolution
		{BC160085-A50C-4734-BE5E-CFEAA54E11C7}.Debug|Any CPU.ActiveCfg = Debug|Any CPU
		{BC160085-A50C-4734-BE5E-CFEAA54E11C7}.Debug|Any CPU.Build.0 = Debug|Any CPU
		{BC160085-A50C-4734-BE5E-CFEAA54E11C7}.Release|Any CPU.ActiveCfg = Release|Any CPU
		{BC160085-A50C-4734-BE5E-CFEAA54E11C7}.Release|Any CPU.Build.0 = Release|Any CPU
	EndGlobalSection
	GlobalSection(SolutionProperties) = preSolution
		HideSolutionNode = FALSE
	EndGlobalSection
	GlobalSection(ExtensibilityGlobals) = postSolution
		SolutionGuid = {A0324AAB-0877-4B4B-9865-7CB9640943A2}
	EndGlobalSection
EndGlobal
