
Microsoft Visual Studio Solution File, Format Version 12.00
# Visual Studio Version 17
VisualStudioVersion = 17.7.34031.279
MinimumVisualStudioVersion = 10.0.40219.1
Project("{FAE04EC0-301F-11D3-BF4B-00C04F79EFBC}") = "EinAusgabeKonsole", "EinAusgabeKonsole\EinAusgabeKonsole.csproj", "{AA827E3C-23DA-406C-8ADC-55BF8EB29812}"
EndProject
Global
	GlobalSection(SolutionConfigurationPlatforms) = preSolution
		Debug|Any CPU = Debug|Any CPU
		Release|Any CPU = Release|Any CPU
	EndGlobalSection
	GlobalSection(ProjectConfigurationPlatforms) = postSolution
		{AA827E3C-23DA-406C-8ADC-55BF8EB29812}.Debug|Any CPU.ActiveCfg = Debug|Any CPU
		{AA827E3C-23DA-406C-8ADC-55BF8EB29812}.Debug|Any CPU.Build.0 = Debug|Any CPU
		{AA827E3C-23DA-406C-8ADC-55BF8EB29812}.Release|Any CPU.ActiveCfg = Release|Any CPU
		{AA827E3C-23DA-406C-8ADC-55BF8EB29812}.Release|Any CPU.Build.0 = Release|Any CPU
	EndGlobalSection
	GlobalSection(SolutionProperties) = preSolution
		HideSolutionNode = FALSE
	EndGlobalSection
	GlobalSection(ExtensibilityGlobals) = postSolution
		SolutionGuid = {E8024390-62FA-4FCE-B655-8B1765B3727A}
	EndGlobalSection
EndGlobal
